
Microsoft Visual Studio Solution File, Format Version 12.00
# Visual Studio Version 16
VisualStudioVersion = 16.0.32002.261
MinimumVisualStudioVersion = 10.0.40219.1
Project("{FAE04EC0-301F-11D3-BF4B-00C04F79EFBC}") = "API", "API\API.csproj", "{1F0E3E2E-5344-418E-8D46-1DF119112F2F}"
EndProject
Global
	GlobalSection(SolutionConfigurationPlatforms) = preSolution
		Debug|Any CPU = Debug|Any CPU
		Release|Any CPU = Release|Any CPU
	EndGlobalSection
	GlobalSection(ProjectConfigurationPlatforms) = postSolution
		{1F0E3E2E-5344-418E-8D46-1DF119112F2F}.Debug|Any CPU.ActiveCfg = Debug|Any CPU
		{1F0E3E2E-5344-418E-8D46-1DF119112F2F}.Debug|Any CPU.Build.0 = Debug|Any CPU
		{1F0E3E2E-5344-418E-8D46-1DF119112F2F}.Release|Any CPU.ActiveCfg = Release|Any CPU
		{1F0E3E2E-5344-418E-8D46-1DF119112F2F}.Release|Any CPU.Build.0 = Release|Any CPU
	EndGlobalSection
	GlobalSection(SolutionProperties) = preSolution
		HideSolutionNode = FALSE
	EndGlobalSection
	GlobalSection(ExtensibilityGlobals) = postSolution
		SolutionGuid = {8CAB18E3-E0D9-4837-8127-D9C596001BDB}
	EndGlobalSection
EndGlobal
